
Microsoft Visual Studio Solution File, Format Version 12.00
# Visual Studio Version 17
VisualStudioVersion = 17.9.34723.18
MinimumVisualStudioVersion = 10.0.40219.1
Project("{FAE04EC0-301F-11D3-BF4B-00C04F79EFBC}") = "Application_wild_student", "Application_wild_student\Application_wild_student.csproj", "{7ECEC29E-3309-4408-AC39-C4B34DFC950B}"
EndProject
Global
	GlobalSection(SolutionConfigurationPlatforms) = preSolution
		Debug|Any CPU = Debug|Any CPU
		Release|Any CPU = Release|Any CPU
	EndGlobalSection
	GlobalSection(ProjectConfigurationPlatforms) = postSolution
		{7ECEC29E-3309-4408-AC39-C4B34DFC950B}.Debug|Any CPU.ActiveCfg = Debug|Any CPU
		{7ECEC29E-3309-4408-AC39-C4B34DFC950B}.Debug|Any CPU.Build.0 = Debug|Any CPU
		{7ECEC29E-3309-4408-AC39-C4B34DFC950B}.Release|Any CPU.ActiveCfg = Release|Any CPU
		{7ECEC29E-3309-4408-AC39-C4B34DFC950B}.Release|Any CPU.Build.0 = Release|Any CPU
	EndGlobalSection
	GlobalSection(SolutionProperties) = preSolution
		HideSolutionNode = FALSE
	EndGlobalSection
	GlobalSection(ExtensibilityGlobals) = postSolution
		SolutionGuid = {DDD59AD9-437F-4B98-B6F1-E080C2284DF9}
	EndGlobalSection
EndGlobal
